Microsoft Visual Studio Solution File, Format Version 12.00
# Visual Studio Version 17
VisualStudioVersion = 17.0.31903.59
MinimumVisualStudioVersion = 10.0.40219.1
Project("{FAE04EC0-301F-11D3-BF4B-00C04F79EFBC}") = "RetribusiPasar.Web", "RetribusiPasar.Web\RetribusiPasar.Web.csproj", "{7A4891FA-1FEB-4FC2-A90B-3B1959CF310D}"
EndProject
Global
	GlobalSection(SolutionConfigurationPlatforms) = preSolution
		Debug|Any CPU = Debug|Any CPU
		Release|Any CPU = Release|Any CPU
	EndGlobalSection
	GlobalSection(ProjectConfigurationPlatforms) = postSolution
		{7A4891FA-1FEB-4FC2-A90B-3B1959CF310D}.Debug|Any CPU.ActiveCfg = Debug|Any CPU
		{7A4891FA-1FEB-4FC2-A90B-3B1959CF310D}.Debug|Any CPU.Build.0 = Debug|Any CPU
		{7A4891FA-1FEB-4FC2-A90B-3B1959CF310D}.Release|Any CPU.ActiveCfg = Release|Any CPU
		{7A4891FA-1FEB-4FC2-A90B-3B1959CF310D}.Release|Any CPU.Build.0 = Release|Any CPU
	EndGlobalSection
EndGlobal
